
Microsoft Visual Studio Solution File, Format Version 12.00
# Visual Studio Version 17
VisualStudioVersion = 17.5.33627.172
MinimumVisualStudioVersion = 10.0.40219.1
Project("{FAE04EC0-301F-11D3-BF4B-00C04F79EFBC}") = "film_oneri", "film_oneri\film_oneri.csproj", "{E70A43B5-EAB7-4666-9C0D-0272DE7FF8FA}"
EndProject
Global
	GlobalSection(SolutionConfigurationPlatforms) = preSolution
		Debug|Any CPU = Debug|Any CPU
		Release|Any CPU = Release|Any CPU
	EndGlobalSection
	GlobalSection(ProjectConfigurationPlatforms) = postSolution
		{E70A43B5-EAB7-4666-9C0D-0272DE7FF8FA}.Debug|Any CPU.ActiveCfg = Debug|Any CPU
		{E70A43B5-EAB7-4666-9C0D-0272DE7FF8FA}.Debug|Any CPU.Build.0 = Debug|Any CPU
		{E70A43B5-EAB7-4666-9C0D-0272DE7FF8FA}.Release|Any CPU.ActiveCfg = Release|Any CPU
		{E70A43B5-EAB7-4666-9C0D-0272DE7FF8FA}.Release|Any CPU.Build.0 = Release|Any CPU
	EndGlobalSection
	GlobalSection(SolutionProperties) = preSolution
		HideSolutionNode = FALSE
	EndGlobalSection
	GlobalSection(ExtensibilityGlobals) = postSolution
		SolutionGuid = {3A3A69BB-6FA7-4000-B3B2-FCE2AB313ACA}
	EndGlobalSection
EndGlobal
